
Microsoft Visual Studio Solution File, Format Version 12.00
# Visual Studio Version 17
VisualStudioVersion = 17.9.34607.119
MinimumVisualStudioVersion = 10.0.40219.1
Project("{FAE04EC0-301F-11D3-BF4B-00C04F79EFBC}") = "Fundmentals", "Fundmentals.csproj", "{969550A3-DE78-4529-BADE-8271F2C6823D}"
EndProject
Global
	GlobalSection(SolutionConfigurationPlatforms) = preSolution
		Debug|Any CPU = Debug|Any CPU
		Release|Any CPU = Release|Any CPU
	EndGlobalSection
	GlobalSection(ProjectConfigurationPlatforms) = postSolution
		{969550A3-DE78-4529-BADE-8271F2C6823D}.Debug|Any CPU.ActiveCfg = Debug|Any CPU
		{969550A3-DE78-4529-BADE-8271F2C6823D}.Debug|Any CPU.Build.0 = Debug|Any CPU
		{969550A3-DE78-4529-BADE-8271F2C6823D}.Release|Any CPU.ActiveCfg = Release|Any CPU
		{969550A3-DE78-4529-BADE-8271F2C6823D}.Release|Any CPU.Build.0 = Release|Any CPU
	EndGlobalSection
	GlobalSection(SolutionProperties) = preSolution
		HideSolutionNode = FALSE
	EndGlobalSection
	GlobalSection(ExtensibilityGlobals) = postSolution
		SolutionGuid = {42A315C5-86D5-4C24-BD40-16DA76D32AC1}
	EndGlobalSection
EndGlobal
